
Microsoft Visual Studio Solution File, Format Version 12.00
# Visual Studio Version 17
VisualStudioVersion = 17.0.31903.59
MinimumVisualStudioVersion = 10.0.40219.1
Project("{2150E333-8FDC-42A3-9474-1A3956D46DE8}") = "src", "src", "{827E0CD3-B72D-47B6-A68D-7590B98EB39B}"
EndProject
Project("{2150E333-8FDC-42A3-9474-1A3956D46DE8}") = "Domain", "Domain", "{8B290487-4C16-E85E-E807-F579CBE9FC4D}"
EndProject
Project("{FAE04EC0-301F-11D3-BF4B-00C04F79EFBC}") = "InfoPCTools.Domain", "src\Domain\InfoPCTools.Domain.csproj", "{593B90A5-61CD-41A6-B267-1506E1ABB38F}"
EndProject
Project("{2150E333-8FDC-42A3-9474-1A3956D46DE8}") = "Application", "Application", "{22BAF98C-8415-17C4-B26A-D537657BC863}"
EndProject
Project("{FAE04EC0-301F-11D3-BF4B-00C04F79EFBC}") = "InfoPCTools.Application", "src\Application\InfoPCTools.Application.csproj", "{B4A7A67F-4D50-47CE-A758-F97B5DCC3150}"
EndProject
Project("{2150E333-8FDC-42A3-9474-1A3956D46DE8}") = "Infrastructure", "Infrastructure", "{9048EB7F-3875-A59E-E36B-5BD4C6F2A282}"
EndProject
Project("{FAE04EC0-301F-11D3-BF4B-00C04F79EFBC}") = "InfoPCTools.Infrastructure", "src\Infrastructure\InfoPCTools.Infrastructure.csproj", "{9AC9FC5F-4388-4E17-9018-BD9EBEE65059}"
EndProject
Project("{2150E333-8FDC-42A3-9474-1A3956D46DE8}") = "Presentation", "Presentation", "{6996BBF7-DB31-59BC-C7DD-9A7CCC6138C4}"
EndProject
Project("{FAE04EC0-301F-11D3-BF4B-00C04F79EFBC}") = "InfoPCTools.Presentation", "src\Presentation\InfoPCTools.Presentation.csproj", "{8C98D2F6-767A-4695-BF4A-ED1293316AC4}"
EndProject
Project("{FAE04EC0-301F-11D3-BF4B-00C04F79EFBC}") = "InfoPCTools.MigrationRunner", "src\MigrationRunner\InfoPCTools.MigrationRunner.csproj", "{61052AE4-31C6-459C-A3A4-B20AE12E8128}"
EndProject
Project("{2150E333-8FDC-42A3-9474-1A3956D46DE8}") = "tests", "tests", "{D84281D2-D495-46BD-AB62-F52FCE60999E}"
EndProject
Project("{FAE04EC0-301F-11D3-BF4B-00C04F79EFBC}") = "InfoPCTools.Domain.Tests", "tests\InfoPCTools.Domain.Tests\InfoPCTools.Domain.Tests.csproj", "{D9173C45-DC76-46E1-8740-7E3290F4334B}"
EndProject
Global
	GlobalSection(SolutionConfigurationPlatforms) = preSolution
		Debug|Any CPU = Debug|Any CPU
		Debug|x64 = Debug|x64
		Debug|x86 = Debug|x86
		Release|Any CPU = Release|Any CPU
		Release|x64 = Release|x64
		Release|x86 = Release|x86
	EndGlobalSection
	GlobalSection(ProjectConfigurationPlatforms) = postSolution
		{593B90A5-61CD-41A6-B267-1506E1ABB38F}.Debug|Any CPU.ActiveCfg = Debug|Any CPU
		{593B90A5-61CD-41A6-B267-1506E1ABB38F}.Debug|Any CPU.Build.0 = Debug|Any CPU
		{593B90A5-61CD-41A6-B267-1506E1ABB38F}.Debug|x64.ActiveCfg = Debug|Any CPU
		{593B90A5-61CD-41A6-B267-1506E1ABB38F}.Debug|x64.Build.0 = Debug|Any CPU
		{593B90A5-61CD-41A6-B267-1506E1ABB38F}.Debug|x86.ActiveCfg = Debug|Any CPU
		{593B90A5-61CD-41A6-B267-1506E1ABB38F}.Debug|x86.Build.0 = Debug|Any CPU
		{593B90A5-61CD-41A6-B267-1506E1ABB38F}.Release|Any CPU.ActiveCfg = Release|Any CPU
		{593B90A5-61CD-41A6-B267-1506E1ABB38F}.Release|Any CPU.Build.0 = Release|Any CPU
		{593B90A5-61CD-41A6-B267-1506E1ABB38F}.Release|x64.ActiveCfg = Release|Any CPU
		{593B90A5-61CD-41A6-B267-1506E1ABB38F}.Release|x64.Build.0 = Release|Any CPU
		{593B90A5-61CD-41A6-B267-1506E1ABB38F}.Release|x86.ActiveCfg = Release|Any CPU
		{593B90A5-61CD-41A6-B267-1506E1ABB38F}.Release|x86.Build.0 = Release|Any CPU
		{B4A7A67F-4D50-47CE-A758-F97B5DCC3150}.Debug|Any CPU.ActiveCfg = Debug|Any CPU
		{B4A7A67F-4D50-47CE-A758-F97B5DCC3150}.Debug|Any CPU.Build.0 = Debug|Any CPU
		{B4A7A67F-4D50-47CE-A758-F97B5DCC3150}.Debug|x64.ActiveCfg = Debug|Any CPU
		{B4A7A67F-4D50-47CE-A758-F97B5DCC3150}.Debug|x64.Build.0 = Debug|Any CPU
		{B4A7A67F-4D50-47CE-A758-F97B5DCC3150}.Debug|x86.ActiveCfg = Debug|Any CPU
		{B4A7A67F-4D50-47CE-A758-F97B5DCC3150}.Debug|x86.Build.0 = Debug|Any CPU
		{B4A7A67F-4D50-47CE-A758-F97B5DCC3150}.Release|Any CPU.ActiveCfg = Release|Any CPU
		{B4A7A67F-4D50-47CE-A758-F97B5DCC3150}.Release|Any CPU.Build.0 = Release|Any CPU
		{B4A7A67F-4D50-47CE-A758-F97B5DCC3150}.Release|x64.ActiveCfg = Release|Any CPU
		{B4A7A67F-4D50-47CE-A758-F97B5DCC3150}.Release|x64.Build.0 = Release|Any CPU
		{B4A7A67F-4D50-47CE-A758-F97B5DCC3150}.Release|x86.ActiveCfg = Release|Any CPU
		{B4A7A67F-4D50-47CE-A758-F97B5DCC3150}.Release|x86.Build.0 = Release|Any CPU
		{9AC9FC5F-4388-4E17-9018-BD9EBEE65059}.Debug|Any CPU.ActiveCfg = Debug|Any CPU
		{9AC9FC5F-4388-4E17-9018-BD9EBEE65059}.Debug|Any CPU.Build.0 = Debug|Any CPU
		{9AC9FC5F-4388-4E17-9018-BD9EBEE65059}.Debug|x64.ActiveCfg = Debug|Any CPU
		{9AC9FC5F-4388-4E17-9018-BD9EBEE65059}.Debug|x64.Build.0 = Debug|Any CPU
		{9AC9FC5F-4388-4E17-9018-BD9EBEE65059}.Debug|x86.ActiveCfg = Debug|Any CPU
		{9AC9FC5F-4388-4E17-9018-BD9EBEE65059}.Debug|x86.Build.0 = Debug|Any CPU
		{9AC9FC5F-4388-4E17-9018-BD9EBEE65059}.Release|Any CPU.ActiveCfg = Release|Any CPU
		{9AC9FC5F-4388-4E17-9018-BD9EBEE65059}.Release|Any CPU.Build.0 = Release|Any CPU
		{9AC9FC5F-4388-4E17-9018-BD9EBEE65059}.Release|x64.ActiveCfg = Release|Any CPU
		{9AC9FC5F-4388-4E17-9018-BD9EBEE65059}.Release|x64.Build.0 = Release|Any CPU
		{9AC9FC5F-4388-4E17-9018-BD9EBEE65059}.Release|x86.ActiveCfg = Release|Any CPU
		{9AC9FC5F-4388-4E17-9018-BD9EBEE65059}.Release|x86.Build.0 = Release|Any CPU
		{8C98D2F6-767A-4695-BF4A-ED1293316AC4}.Debug|Any CPU.ActiveCfg = Debug|Any CPU
		{8C98D2F6-767A-4695-BF4A-ED1293316AC4}.Debug|Any CPU.Build.0 = Debug|Any CPU
		{8C98D2F6-767A-4695-BF4A-ED1293316AC4}.Debug|x64.ActiveCfg = Debug|Any CPU
		{8C98D2F6-767A-4695-BF4A-ED1293316AC4}.Debug|x64.Build.0 = Debug|Any CPU
		{8C98D2F6-767A-4695-BF4A-ED1293316AC4}.Debug|x86.ActiveCfg = Debug|Any CPU
		{8C98D2F6-767A-4695-BF4A-ED1293316AC4}.Debug|x86.Build.0 = Debug|Any CPU
		{8C98D2F6-767A-4695-BF4A-ED1293316AC4}.Release|Any CPU.ActiveCfg = Release|Any CPU
		{8C98D2F6-767A-4695-BF4A-ED1293316AC4}.Release|Any CPU.Build.0 = Release|Any CPU
		{8C98D2F6-767A-4695-BF4A-ED1293316AC4}.Release|x64.ActiveCfg = Release|Any CPU
		{8C98D2F6-767A-4695-BF4A-ED1293316AC4}.Release|x64.Build.0 = Release|Any CPU
		{8C98D2F6-767A-4695-BF4A-ED1293316AC4}.Release|x86.ActiveCfg = Release|Any CPU
		{8C98D2F6-767A-4695-BF4A-ED1293316AC4}.Release|x86.Build.0 = Release|Any CPU
		{61052AE4-31C6-459C-A3A4-B20AE12E8128}.Debug|Any CPU.ActiveCfg = Debug|Any CPU
		{61052AE4-31C6-459C-A3A4-B20AE12E8128}.Debug|Any CPU.Build.0 = Debug|Any CPU
		{61052AE4-31C6-459C-A3A4-B20AE12E8128}.Debug|x64.ActiveCfg = Debug|Any CPU
		{61052AE4-31C6-459C-A3A4-B20AE12E8128}.Debug|x64.Build.0 = Debug|Any CPU
		{61052AE4-31C6-459C-A3A4-B20AE12E8128}.Debug|x86.ActiveCfg = Debug|Any CPU
		{61052AE4-31C6-459C-A3A4-B20AE12E8128}.Debug|x86.Build.0 = Debug|Any CPU
		{61052AE4-31C6-459C-A3A4-B20AE12E8128}.Release|Any CPU.ActiveCfg = Release|Any CPU
		{61052AE4-31C6-459C-A3A4-B20AE12E8128}.Release|Any CPU.Build.0 = Release|Any CPU
		{61052AE4-31C6-459C-A3A4-B20AE12E8128}.Release|x64.ActiveCfg = Release|Any CPU
		{61052AE4-31C6-459C-A3A4-B20AE12E8128}.Release|x64.Build.0 = Release|Any CPU
		{61052AE4-31C6-459C-A3A4-B20AE12E8128}.Release|x86.ActiveCfg = Release|Any CPU
		{61052AE4-31C6-459C-A3A4-B20AE12E8128}.Release|x86.Build.0 = Release|Any CPU
		{D9173C45-DC76-46E1-8740-7E3290F4334B}.Debug|Any CPU.ActiveCfg = Debug|Any CPU
		{D9173C45-DC76-46E1-8740-7E3290F4334B}.Debug|Any CPU.Build.0 = Debug|Any CPU
		{D9173C45-DC76-46E1-8740-7E3290F4334B}.Debug|x64.ActiveCfg = Debug|Any CPU
		{D9173C45-DC76-46E1-8740-7E3290F4334B}.Debug|x64.Build.0 = Debug|Any CPU
		{D9173C45-DC76-46E1-8740-7E3290F4334B}.Debug|x86.ActiveCfg = Debug|Any CPU
		{D9173C45-DC76-46E1-8740-7E3290F4334B}.Debug|x86.Build.0 = Debug|Any CPU
		{D9173C45-DC76-46E1-8740-7E3290F4334B}.Release|Any CPU.ActiveCfg = Release|Any CPU
		{D9173C45-DC76-46E1-8740-7E3290F4334B}.Release|Any CPU.Build.0 = Release|Any CPU
		{D9173C45-DC76-46E1-8740-7E3290F4334B}.Release|x64.ActiveCfg = Release|Any CPU
		{D9173C45-DC76-46E1-8740-7E3290F4334B}.Release|x64.Build.0 = Release|Any CPU
		{D9173C45-DC76-46E1-8740-7E3290F4334B}.Release|x86.ActiveCfg = Release|Any CPU
		{D9173C45-DC76-46E1-8740-7E3290F4334B}.Release|x86.Build.0 = Release|Any CPU
	EndGlobalSection
	GlobalSection(SolutionProperties) = preSolution
		HideSolutionNode = FALSE
	EndGlobalSection
	GlobalSection(NestedProjects) = preSolution
		{8B290487-4C16-E85E-E807-F579CBE9FC4D} = {827E0CD3-B72D-47B6-A68D-7590B98EB39B}
		{593B90A5-61CD-41A6-B267-1506E1ABB38F} = {8B290487-4C16-E85E-E807-F579CBE9FC4D}
		{22BAF98C-8415-17C4-B26A-D537657BC863} = {827E0CD3-B72D-47B6-A68D-7590B98EB39B}
		{B4A7A67F-4D50-47CE-A758-F97B5DCC3150} = {22BAF98C-8415-17C4-B26A-D537657BC863}
		{9048EB7F-3875-A59E-E36B-5BD4C6F2A282} = {827E0CD3-B72D-47B6-A68D-7590B98EB39B}
		{9AC9FC5F-4388-4E17-9018-BD9EBEE65059} = {9048EB7F-3875-A59E-E36B-5BD4C6F2A282}
		{6996BBF7-DB31-59BC-C7DD-9A7CCC6138C4} = {827E0CD3-B72D-47B6-A68D-7590B98EB39B}
		{8C98D2F6-767A-4695-BF4A-ED1293316AC4} = {6996BBF7-DB31-59BC-C7DD-9A7CCC6138C4}
		{61052AE4-31C6-459C-A3A4-B20AE12E8128} = {827E0CD3-B72D-47B6-A68D-7590B98EB39B}
		{D9173C45-DC76-46E1-8740-7E3290F4334B} = {D84281D2-D495-46BD-AB62-F52FCE60999E}
	EndGlobalSection
EndGlobal
